// !$*UTF8*$!
{
	archiveVersion = 1;
	classes = {
	};
	objectVersion = 46;
	objects = {

/* Begin PBXBuildFile section */
		048B585F2F768424005D728C /* DemoCustomSegmentView.swift in Sources */ = {isa = PBXBuildFile; fileRef = 048B585E2F768424005D728C /* DemoCustomSegmentView.swift */; };
		048B586A2F7686C7005D728C /* DemoNavigationBarView.swift in Sources */ = {isa = PBXBuildFile; fileRef = 048B58692F7686C7005D728C /* DemoNavigationBarView.swift */; };
		048B58722F776E68005D728C /* DemoHeaderView.swift in Sources */ = {isa = PBXBuildFile; fileRef = 048B58712F776E68005D728C /* DemoHeaderView.swift */; };
		048B59FD2F777734005D728C /* DemoRecommendViewController.swift in Sources */ = {isa = PBXBuildFile; fileRef = 048B59FC2F777734005D728C /* DemoRecommendViewController.swift */; };
		048B59FF2F777829005D728C /* DemoRecommendCell.swift in Sources */ = {isa = PBXBuildFile; fileRef = 048B59FE2F777829005D728C /* DemoRecommendCell.swift */; };
		048B5A012F7778A7005D728C /* DemoRecommendItem.swift in Sources */ = {isa = PBXBuildFile; fileRef = 048B5A002F7778A7005D728C /* DemoRecommendItem.swift */; };
		048B5A032F777A16005D728C /* DemoPriceView.swift in Sources */ = {isa = PBXBuildFile; fileRef = 048B5A022F777A16005D728C /* DemoPriceView.swift */; };
		048B5A052F777A4A005D728C /* Color+ext.swift in Sources */ = {isa = PBXBuildFile; fileRef = 048B5A042F777A4A005D728C /* Color+ext.swift */; };
		048B5A072F778314005D728C /* DemoLiveViewController.swift in Sources */ = {isa = PBXBuildFile; fileRef = 048B5A062F778314005D728C /* DemoLiveViewController.swift */; };
		048B5A092F778350005D728C /* DemoLiveCell.swift in Sources */ = {isa = PBXBuildFile; fileRef = 048B5A082F778350005D728C /* DemoLiveCell.swift */; };
		048B5A0B2F778365005D728C /* DemoLiveItem.swift in Sources */ = {isa = PBXBuildFile; fileRef = 048B5A0A2F778365005D728C /* DemoLiveItem.swift */; };
		048B5A0D2F778582005D728C /* DemoLivingView.swift in Sources */ = {isa = PBXBuildFile; fileRef = 048B5A0C2F778582005D728C /* DemoLivingView.swift */; };
		048B5A192F77A0B9005D728C /* live_04.JPG in Resources */ = {isa = PBXBuildFile; fileRef = 048B5A122F77A0B9005D728C /* live_04.JPG */; };
		048B5A1A2F77A0B9005D728C /* live_07.JPG in Resources */ = {isa = PBXBuildFile; fileRef = 048B5A152F77A0B9005D728C /* live_07.JPG */; };
		048B5A1B2F77A0B9005D728C /* live_06.JPG in Resources */ = {isa = PBXBuildFile; fileRef = 048B5A142F77A0B9005D728C /* live_06.JPG */; };
		048B5A1C2F77A0B9005D728C /* live_03.JPG in Resources */ = {isa = PBXBuildFile; fileRef = 048B5A112F77A0B9005D728C /* live_03.JPG */; };
		048B5A1D2F77A0B9005D728C /* live_05.JPG in Resources */ = {isa = PBXBuildFile; fileRef = 048B5A132F77A0B9005D728C /* live_05.JPG */; };
		048B5A1E2F77A0B9005D728C /* live_01.JPG in Resources */ = {isa = PBXBuildFile; fileRef = 048B5A0F2F77A0B9005D728C /* live_01.JPG */; };
		048B5A1F2F77A0B9005D728C /* live_09.JPG in Resources */ = {isa = PBXBuildFile; fileRef = 048B5A172F77A0B9005D728C /* live_09.JPG */; };
		048B5A202F77A0B9005D728C /* live_02.JPG in Resources */ = {isa = PBXBuildFile; fileRef = 048B5A102F77A0B9005D728C /* live_02.JPG */; };
		048B5A212F77A0B9005D728C /* live_08.JPG in Resources */ = {isa = PBXBuildFile; fileRef = 048B5A162F77A0B9005D728C /* live_08.JPG */; };
		048B5A222F77A0B9005D728C /* live_10.JPG in Resources */ = {isa = PBXBuildFile; fileRef = 048B5A182F77A0B9005D728C /* live_10.JPG */; };
		048B5A242F77A35C005D728C /* DemoNearbyViewController.swift in Sources */ = {isa = PBXBuildFile; fileRef = 048B5A232F77A35C005D728C /* DemoNearbyViewController.swift */; };
		048B5A2E2F77A3F0005D728C /* DemoNearByHeaderView.swift in Sources */ = {isa = PBXBuildFile; fileRef = 048B5A2D2F77A3F0005D728C /* DemoNearByHeaderView.swift */; };
		048B5A302F77A404005D728C /* DemoNearByCell.swift in Sources */ = {isa = PBXBuildFile; fileRef = 048B5A2F2F77A404005D728C /* DemoNearByCell.swift */; };
		048B5A342F77A429005D728C /* DemoNearByItem.swift in Sources */ = {isa = PBXBuildFile; fileRef = 048B5A332F77A429005D728C /* DemoNearByItem.swift */; };
		607FACD61AFB9204008FA782 /* AppDelegate.swift in Sources */ = {isa = PBXBuildFile; fileRef = 607FACD51AFB9204008FA782 /* AppDelegate.swift */; };
		607FACD81AFB9204008FA782 /* ViewController.swift in Sources */ = {isa = PBXBuildFile; fileRef = 607FACD71AFB9204008FA782 /* ViewController.swift */; };
		607FACDB1AFB9204008FA782 /* Main.storyboard in Resources */ = {isa = PBXBuildFile; fileRef = 607FACD91AFB9204008FA782 /* Main.storyboard */; };
		607FACDD1AFB9204008FA782 /* Images.xcassets in Resources */ = {isa = PBXBuildFile; fileRef = 607FACDC1AFB9204008FA782 /* Images.xcassets */; };
		607FACE01AFB9204008FA782 /* LaunchScreen.xib in Resources */ = {isa = PBXBuildFile; fileRef = 607FACDE1AFB9204008FA782 /* LaunchScreen.xib */; };
		607FACEC1AFB9204008FA782 /* Tests.swift in Sources */ = {isa = PBXBuildFile; fileRef = 607FACEB1AFB9204008FA782 /* Tests.swift */; };
		C78257EBC43C00CF9715D1A2 /* Pods_FlowNest_Tests.framework in Frameworks */ = {isa = PBXBuildFile; fileRef = 4C62346D587126D0BA1C9A0E /* Pods_FlowNest_Tests.framework */; };
		DE731B726B14480EDB2A397E /* Pods_FlowNest_Example.framework in Frameworks */ = {isa = PBXBuildFile; fileRef = 2C5DBF58C287B87B4DE80C55 /* Pods_FlowNest_Example.framework */; };
/* End PBXBuildFile section */

/* Begin PBXContainerItemProxy section */
		607FACE61AFB9204008FA782 /* PBXContainerItemProxy */ = {
			isa = PBXContainerItemProxy;
			containerPortal = 607FACC81AFB9204008FA782 /* Project object */;
			proxyType = 1;
			remoteGlobalIDString = 607FACCF1AFB9204008FA782;
			remoteInfo = FlowNest;
		};
/* End PBXContainerItemProxy section */

/* Begin PBXFileReference section */
		048B585E2F768424005D728C /* DemoCustomSegmentView.swift */ = {isa = PBXFileReference; lastKnownFileType = sourcecode.swift; path = DemoCustomSegmentView.swift; sourceTree = "<group>"; };
		048B58692F7686C7005D728C /* DemoNavigationBarView.swift */ = {isa = PBXFileReference; lastKnownFileType = sourcecode.swift; path = DemoNavigationBarView.swift; sourceTree = "<group>"; };
		048B58712F776E68005D728C /* DemoHeaderView.swift */ = {isa = PBXFileReference; lastKnownFileType = sourcecode.swift; path = DemoHeaderView.swift; sourceTree = "<group>"; };
		048B59FC2F777734005D728C /* DemoRecommendViewController.swift */ = {isa = PBXFileReference; lastKnownFileType = sourcecode.swift; path = DemoRecommendViewController.swift; sourceTree = "<group>"; };
		048B59FE2F777829005D728C /* DemoRecommendCell.swift */ = {isa = PBXFileReference; lastKnownFileType = sourcecode.swift; path = DemoRecommendCell.swift; sourceTree = "<group>"; };
		048B5A002F7778A7005D728C /* DemoRecommendItem.swift */ = {isa = PBXFileReference; lastKnownFileType = sourcecode.swift; path = DemoRecommendItem.swift; sourceTree = "<group>"; };
		048B5A022F777A16005D728C /* DemoPriceView.swift */ = {isa = PBXFileReference; lastKnownFileType = sourcecode.swift; path = DemoPriceView.swift; sourceTree = "<group>"; };
		048B5A042F777A4A005D728C /* Color+ext.swift */ = {isa = PBXFileReference; lastKnownFileType = sourcecode.swift; path = "Color+ext.swift"; sourceTree = "<group>"; };
		048B5A062F778314005D728C /* DemoLiveViewController.swift */ = {isa = PBXFileReference; lastKnownFileType = sourcecode.swift; path = DemoLiveViewController.swift; sourceTree = "<group>"; };
		048B5A082F778350005D728C /* DemoLiveCell.swift */ = {isa = PBXFileReference; lastKnownFileType = sourcecode.swift; path = DemoLiveCell.swift; sourceTree = "<group>"; };
		048B5A0A2F778365005D728C /* DemoLiveItem.swift */ = {isa = PBXFileReference; lastKnownFileType = sourcecode.swift; path = DemoLiveItem.swift; sourceTree = "<group>"; };
		048B5A0C2F778582005D728C /* DemoLivingView.swift */ = {isa = PBXFileReference; lastKnownFileType = sourcecode.swift; path = DemoLivingView.swift; sourceTree = "<group>"; };
		048B5A0F2F77A0B9005D728C /* live_01.JPG */ = {isa = PBXFileReference; lastKnownFileType = image.jpeg; path = live_01.JPG; sourceTree = "<group>"; };
		048B5A102F77A0B9005D728C /* live_02.JPG */ = {isa = PBXFileReference; lastKnownFileType = image.jpeg; path = live_02.JPG; sourceTree = "<group>"; };
		048B5A112F77A0B9005D728C /* live_03.JPG */ = {isa = PBXFileReference; lastKnownFileType = image.jpeg; path = live_03.JPG; sourceTree = "<group>"; };
		048B5A122F77A0B9005D728C /* live_04.JPG */ = {isa = PBXFileReference; lastKnownFileType = image.jpeg; path = live_04.JPG; sourceTree = "<group>"; };
		048B5A132F77A0B9005D728C /* live_05.JPG */ = {isa = PBXFileReference; lastKnownFileType = image.jpeg; path = live_05.JPG; sourceTree = "<group>"; };
		048B5A142F77A0B9005D728C /* live_06.JPG */ = {isa = PBXFileReference; lastKnownFileType = image.jpeg; path = live_06.JPG; sourceTree = "<group>"; };
		048B5A152F77A0B9005D728C /* live_07.JPG */ = {isa = PBXFileReference; lastKnownFileType = image.jpeg; path = live_07.JPG; sourceTree = "<group>"; };
		048B5A162F77A0B9005D728C /* live_08.JPG */ = {isa = PBXFileReference; lastKnownFileType = image.jpeg; path = live_08.JPG; sourceTree = "<group>"; };
		048B5A172F77A0B9005D728C /* live_09.JPG */ = {isa = PBXFileReference; lastKnownFileType = image.jpeg; path = live_09.JPG; sourceTree = "<group>"; };
		048B5A182F77A0B9005D728C /* live_10.JPG */ = {isa = PBXFileReference; lastKnownFileType = image.jpeg; path = live_10.JPG; sourceTree = "<group>"; };
		048B5A232F77A35C005D728C /* DemoNearbyViewController.swift */ = {isa = PBXFileReference; lastKnownFileType = sourcecode.swift; path = DemoNearbyViewController.swift; sourceTree = "<group>"; };
		048B5A2D2F77A3F0005D728C /* DemoNearByHeaderView.swift */ = {isa = PBXFileReference; lastKnownFileType = sourcecode.swift; path = DemoNearByHeaderView.swift; sourceTree = "<group>"; };
		048B5A2F2F77A404005D728C /* DemoNearByCell.swift */ = {isa = PBXFileReference; lastKnownFileType = sourcecode.swift; path = DemoNearByCell.swift; sourceTree = "<group>"; };
		048B5A332F77A429005D728C /* DemoNearByItem.swift */ = {isa = PBXFileReference; lastKnownFileType = sourcecode.swift; path = DemoNearByItem.swift; sourceTree = "<group>"; };
		11B87205F1C9E66DA48B28ED /* Pods-FlowNest_Example.debug.xcconfig */ = {isa = PBXFileReference; includeInIndex = 1; lastKnownFileType = text.xcconfig; name = "Pods-FlowNest_Example.debug.xcconfig"; path = "Target Support Files/Pods-FlowNest_Example/Pods-FlowNest_Example.debug.xcconfig"; sourceTree = "<group>"; };
		2C5DBF58C287B87B4DE80C55 /* Pods_FlowNest_Example.framework */ = {isa = PBXFileReference; explicitFileType = wrapper.framework; includeInIndex = 0; path = Pods_FlowNest_Example.framework; sourceTree = BUILT_PRODUCTS_DIR; };
		4C62346D587126D0BA1C9A0E /* Pods_FlowNest_Tests.framework */ = {isa = PBXFileReference; explicitFileType = wrapper.framework; includeInIndex = 0; path = Pods_FlowNest_Tests.framework; sourceTree = BUILT_PRODUCTS_DIR; };
		55505024221EF686AC3282F8 /* Pods-FlowNest_Tests.debug.xcconfig */ = {isa = PBXFileReference; includeInIndex = 1; lastKnownFileType = text.xcconfig; name = "Pods-FlowNest_Tests.debug.xcconfig"; path = "Target Support Files/Pods-FlowNest_Tests/Pods-FlowNest_Tests.debug.xcconfig"; sourceTree = "<group>"; };
		6039B397A27D80D9CAA4B490 /* Pods-FlowNest_Example.release.xcconfig */ = {isa = PBXFileReference; includeInIndex = 1; lastKnownFileType = text.xcconfig; name = "Pods-FlowNest_Example.release.xcconfig"; path = "Target Support Files/Pods-FlowNest_Example/Pods-FlowNest_Example.release.xcconfig"; sourceTree = "<group>"; };
		607FACD01AFB9204008FA782 /* FlowNest_Example.app */ = {isa = PBXFileReference; explicitFileType = wrapper.application; includeInIndex = 0; path = FlowNest_Example.app; sourceTree = BUILT_PRODUCTS_DIR; };
		607FACD41AFB9204008FA782 /* Info.plist */ = {isa = PBXFileReference; lastKnownFileType = text.plist.xml; path = Info.plist; sourceTree = "<group>"; };
		607FACD51AFB9204008FA782 /* AppDelegate.swift */ = {isa = PBXFileReference; lastKnownFileType = sourcecode.swift; path = AppDelegate.swift; sourceTree = "<group>"; };
		607FACD71AFB9204008FA782 /* ViewController.swift */ = {isa = PBXFileReference; lastKnownFileType = sourcecode.swift; path = ViewController.swift; sourceTree = "<group>"; };
		607FACDA1AFB9204008FA782 /* Base */ = {isa = PBXFileReference; lastKnownFileType = file.storyboard; name = Base; path = Base.lproj/Main.storyboard; sourceTree = "<group>"; };
		607FACDC1AFB9204008FA782 /* Images.xcassets */ = {isa = PBXFileReference; lastKnownFileType = folder.assetcatalog; path = Images.xcassets; sourceTree = "<group>"; };
		607FACDF1AFB9204008FA782 /* Base */ = {isa = PBXFileReference; lastKnownFileType = file.xib; name = Base; path = Base.lproj/LaunchScreen.xib; sourceTree = "<group>"; };
		607FACE51AFB9204008FA782 /* FlowNest_Tests.xctest */ = {isa = PBXFileReference; explicitFileType = wrapper.cfbundle; includeInIndex = 0; path = FlowNest_Tests.xctest; sourceTree = BUILT_PRODUCTS_DIR; };
		607FACEA1AFB9204008FA782 /* Info.plist */ = {isa = PBXFileReference; lastKnownFileType = text.plist.xml; path = Info.plist; sourceTree = "<group>"; };
		607FACEB1AFB9204008FA782 /* Tests.swift */ = {isa = PBXFileReference; lastKnownFileType = sourcecode.swift; path = Tests.swift; sourceTree = "<group>"; };
		8174E2C6D12EC7244D9B0BA5 /* FlowNest.podspec */ = {isa = PBXFileReference; includeInIndex = 1; lastKnownFileType = text; name = FlowNest.podspec; path = ../FlowNest.podspec; sourceTree = "<group>"; };
		AD8A61D4752393BF557EB2BA /* README.md */ = {isa = PBXFileReference; includeInIndex = 1; lastKnownFileType = net.daringfireball.markdown; name = README.md; path = ../README.md; sourceTree = "<group>"; };
		BBEE3D2E2099F4B718395C89 /* LICENSE */ = {isa = PBXFileReference; includeInIndex = 1; lastKnownFileType = text; name = LICENSE; path = ../LICENSE; sourceTree = "<group>"; };
		E615DE4FE766AA395F7D21FC /* Pods-FlowNest_Tests.release.xcconfig */ = {isa = PBXFileReference; includeInIndex = 1; lastKnownFileType = text.xcconfig; name = "Pods-FlowNest_Tests.release.xcconfig"; path = "Target Support Files/Pods-FlowNest_Tests/Pods-FlowNest_Tests.release.xcconfig"; sourceTree = "<group>"; };
/* End PBXFileReference section */

/* Begin PBXFrameworksBuildPhase section */
		607FACCD1AFB9204008FA782 /* Frameworks */ = {
			isa = PBXFrameworksBuildPhase;
			buildActionMask = 2147483647;
			files = (
				DE731B726B14480EDB2A397E /* Pods_FlowNest_Example.framework in Frameworks */,
			);
			runOnlyForDeploymentPostprocessing = 0;
		};
		607FACE21AFB9204008FA782 /* Frameworks */ = {
			isa = PBXFrameworksBuildPhase;
			buildActionMask = 2147483647;
			files = (
				C78257EBC43C00CF9715D1A2 /* Pods_FlowNest_Tests.framework in Frameworks */,
			);
			runOnlyForDeploymentPostprocessing = 0;
		};
/* End PBXFrameworksBuildPhase section */

/* Begin PBXGroup section */
		048B58572F76832A005D728C /* Demos */ = {
			isa = PBXGroup;
			children = (
				048B58702F776DA9005D728C /* Sub */,
				048B58582F76833F005D728C /* Common */,
			);
			path = Demos;
			sourceTree = "<group>";
		};
		048B58582F76833F005D728C /* Common */ = {
			isa = PBXGroup;
			children = (
				048B585E2F768424005D728C /* DemoCustomSegmentView.swift */,
				048B58692F7686C7005D728C /* DemoNavigationBarView.swift */,
				048B58712F776E68005D728C /* DemoHeaderView.swift */,
				048B5A042F777A4A005D728C /* Color+ext.swift */,
			);
			path = Common;
			sourceTree = "<group>";
		};
		048B58702F776DA9005D728C /* Sub */ = {
			isa = PBXGroup;
			children = (
				048B59F32F777703005D728C /* Nearby */,
				048B59F72F777703005D728C /* Live */,
				048B59FB2F777703005D728C /* Recommend */,
			);
			path = Sub;
			sourceTree = "<group>";
		};
		048B59F22F777703005D728C /* ViewController */ = {
			isa = PBXGroup;
			children = (
				048B5A232F77A35C005D728C /* DemoNearbyViewController.swift */,
			);
			path = ViewController;
			sourceTree = "<group>";
		};
		048B59F32F777703005D728C /* Nearby */ = {
			isa = PBXGroup;
			children = (
				048B5A2C2F77A3D0005D728C /* View */,
				048B5A2A2F77A3BD005D728C /* Model */,
				048B59F22F777703005D728C /* ViewController */,
			);
			path = Nearby;
			sourceTree = "<group>";
		};
		048B59F42F777703005D728C /* Model */ = {
			isa = PBXGroup;
			children = (
				048B5A0A2F778365005D728C /* DemoLiveItem.swift */,
			);
			path = Model;
			sourceTree = "<group>";
		};
		048B59F52F777703005D728C /* View */ = {
			isa = PBXGroup;
			children = (
				048B5A082F778350005D728C /* DemoLiveCell.swift */,
				048B5A0C2F778582005D728C /* DemoLivingView.swift */,
			);
			path = View;
			sourceTree = "<group>";
		};
		048B59F62F777703005D728C /* ViewController */ = {
			isa = PBXGroup;
			children = (
				048B5A062F778314005D728C /* DemoLiveViewController.swift */,
			);
			path = ViewController;
			sourceTree = "<group>";
		};
		048B59F72F777703005D728C /* Live */ = {
			isa = PBXGroup;
			children = (
				048B5A0E2F77A0A7005D728C /* Resource */,
				048B59F42F777703005D728C /* Model */,
				048B59F52F777703005D728C /* View */,
				048B59F62F777703005D728C /* ViewController */,
			);
			path = Live;
			sourceTree = "<group>";
		};
		048B59F82F777703005D728C /* Model */ = {
			isa = PBXGroup;
			children = (
				048B5A002F7778A7005D728C /* DemoRecommendItem.swift */,
			);
			path = Model;
			sourceTree = "<group>";
		};
		048B59F92F777703005D728C /* View */ = {
			isa = PBXGroup;
			children = (
				048B59FE2F777829005D728C /* DemoRecommendCell.swift */,
				048B5A022F777A16005D728C /* DemoPriceView.swift */,
			);
			path = View;
			sourceTree = "<group>";
		};
		048B59FA2F777703005D728C /* ViewController */ = {
			isa = PBXGroup;
			children = (
				048B59FC2F777734005D728C /* DemoRecommendViewController.swift */,
			);
			path = ViewController;
			sourceTree = "<group>";
		};
		048B59FB2F777703005D728C /* Recommend */ = {
			isa = PBXGroup;
			children = (
				048B59F82F777703005D728C /* Model */,
				048B59F92F777703005D728C /* View */,
				048B59FA2F777703005D728C /* ViewController */,
			);
			path = Recommend;
			sourceTree = "<group>";
		};
		048B5A0E2F77A0A7005D728C /* Resource */ = {
			isa = PBXGroup;
			children = (
				048B5A0F2F77A0B9005D728C /* live_01.JPG */,
				048B5A102F77A0B9005D728C /* live_02.JPG */,
				048B5A112F77A0B9005D728C /* live_03.JPG */,
				048B5A122F77A0B9005D728C /* live_04.JPG */,
				048B5A132F77A0B9005D728C /* live_05.JPG */,
				048B5A142F77A0B9005D728C /* live_06.JPG */,
				048B5A152F77A0B9005D728C /* live_07.JPG */,
				048B5A162F77A0B9005D728C /* live_08.JPG */,
				048B5A172F77A0B9005D728C /* live_09.JPG */,
				048B5A182F77A0B9005D728C /* live_10.JPG */,
			);
			path = Resource;
			sourceTree = "<group>";
		};
		048B5A2A2F77A3BD005D728C /* Model */ = {
			isa = PBXGroup;
			children = (
				048B5A332F77A429005D728C /* DemoNearByItem.swift */,
			);
			path = Model;
			sourceTree = "<group>";
		};
		048B5A2C2F77A3D0005D728C /* View */ = {
			isa = PBXGroup;
			children = (
				048B5A2D2F77A3F0005D728C /* DemoNearByHeaderView.swift */,
				048B5A2F2F77A404005D728C /* DemoNearByCell.swift */,
			);
			path = View;
			sourceTree = "<group>";
		};
		607FACC71AFB9204008FA782 = {
			isa = PBXGroup;
			children = (
				607FACF51AFB993E008FA782 /* Podspec Metadata */,
				607FACD21AFB9204008FA782 /* Example for FlowNest */,
				607FACE81AFB9204008FA782 /* Tests */,
				607FACD11AFB9204008FA782 /* Products */,
				AAEA6392010242FFBAF882A3 /* Pods */,
				FD1E903B93B6034306003985 /* Frameworks */,
			);
			sourceTree = "<group>";
		};
		607FACD11AFB9204008FA782 /* Products */ = {
			isa = PBXGroup;
			children = (
				607FACD01AFB9204008FA782 /* FlowNest_Example.app */,
				607FACE51AFB9204008FA782 /* FlowNest_Tests.xctest */,
			);
			name = Products;
			sourceTree = "<group>";
		};
		607FACD21AFB9204008FA782 /* Example for FlowNest */ = {
			isa = PBXGroup;
			children = (
				607FACD51AFB9204008FA782 /* AppDelegate.swift */,
				607FACD71AFB9204008FA782 /* ViewController.swift */,
				607FACD91AFB9204008FA782 /* Main.storyboard */,
				607FACDC1AFB9204008FA782 /* Images.xcassets */,
				607FACDE1AFB9204008FA782 /* LaunchScreen.xib */,
				607FACD31AFB9204008FA782 /* Supporting Files */,
				048B58572F76832A005D728C /* Demos */,
			);
			name = "Example for FlowNest";
			path = FlowNest;
			sourceTree = "<group>";
		};
		607FACD31AFB9204008FA782 /* Supporting Files */ = {
			isa = PBXGroup;
			children = (
				607FACD41AFB9204008FA782 /* Info.plist */,
			);
			name = "Supporting Files";
			sourceTree = "<group>";
		};
		607FACE81AFB9204008FA782 /* Tests */ = {
			isa = PBXGroup;
			children = (
				607FACEB1AFB9204008FA782 /* Tests.swift */,
				607FACE91AFB9204008FA782 /* Supporting Files */,
			);
			path = Tests;
			sourceTree = "<group>";
		};
		607FACE91AFB9204008FA782 /* Supporting Files */ = {
			isa = PBXGroup;
			children = (
				607FACEA1AFB9204008FA782 /* Info.plist */,
			);
			name = "Supporting Files";
			sourceTree = "<group>";
		};
		607FACF51AFB993E008FA782 /* Podspec Metadata */ = {
			isa = PBXGroup;
			children = (
				8174E2C6D12EC7244D9B0BA5 /* FlowNest.podspec */,
				AD8A61D4752393BF557EB2BA /* README.md */,
				BBEE3D2E2099F4B718395C89 /* LICENSE */,
			);
			name = "Podspec Metadata";
			sourceTree = "<group>";
		};
		AAEA6392010242FFBAF882A3 /* Pods */ = {
			isa = PBXGroup;
			children = (
				11B87205F1C9E66DA48B28ED /* Pods-FlowNest_Example.debug.xcconfig */,
				6039B397A27D80D9CAA4B490 /* Pods-FlowNest_Example.release.xcconfig */,
				55505024221EF686AC3282F8 /* Pods-FlowNest_Tests.debug.xcconfig */,
				E615DE4FE766AA395F7D21FC /* Pods-FlowNest_Tests.release.xcconfig */,
			);
			path = Pods;
			sourceTree = "<group>";
		};
		FD1E903B93B6034306003985 /* Frameworks */ = {
			isa = PBXGroup;
			children = (
				2C5DBF58C287B87B4DE80C55 /* Pods_FlowNest_Example.framework */,
				4C62346D587126D0BA1C9A0E /* Pods_FlowNest_Tests.framework */,
			);
			name = Frameworks;
			sourceTree = "<group>";
		};
/* End PBXGroup section */

/* Begin PBXNativeTarget section */
		607FACCF1AFB9204008FA782 /* FlowNest_Example */ = {
			isa = PBXNativeTarget;
			buildConfigurationList = 607FACEF1AFB9204008FA782 /* Build configuration list for PBXNativeTarget "FlowNest_Example" */;
			buildPhases = (
				F2A920D3625CC4CBD6EA6704 /* [CP] Check Pods Manifest.lock */,
				607FACCC1AFB9204008FA782 /* Sources */,
				607FACCD1AFB9204008FA782 /* Frameworks */,
				607FACCE1AFB9204008FA782 /* Resources */,
				90415B9613D231B6FE7DEF7A /* [CP] Embed Pods Frameworks */,
			);
			buildRules = (
			);
			dependencies = (
			);
			name = FlowNest_Example;
			productName = FlowNest;
			productReference = 607FACD01AFB9204008FA782 /* FlowNest_Example.app */;
			productType = "com.apple.product-type.application";
		};
		607FACE41AFB9204008FA782 /* FlowNest_Tests */ = {
			isa = PBXNativeTarget;
			buildConfigurationList = 607FACF21AFB9204008FA782 /* Build configuration list for PBXNativeTarget "FlowNest_Tests" */;
			buildPhases = (
				5FEA2D3A6D056581902A95FB /* [CP] Check Pods Manifest.lock */,
				607FACE11AFB9204008FA782 /* Sources */,
				607FACE21AFB9204008FA782 /* Frameworks */,
				607FACE31AFB9204008FA782 /* Resources */,
			);
			buildRules = (
			);
			dependencies = (
				607FACE71AFB9204008FA782 /* PBXTargetDependency */,
			);
			name = FlowNest_Tests;
			productName = Tests;
			productReference = 607FACE51AFB9204008FA782 /* FlowNest_Tests.xctest */;
			productType = "com.apple.product-type.bundle.unit-test";
		};
/* End PBXNativeTarget section */

/* Begin PBXProject section */
		607FACC81AFB9204008FA782 /* Project object */ = {
			isa = PBXProject;
			attributes = {
				LastSwiftUpdateCheck = 0830;
				LastUpgradeCheck = 0830;
				ORGANIZATIONNAME = CocoaPods;
				TargetAttributes = {
					607FACCF1AFB9204008FA782 = {
						CreatedOnToolsVersion = 6.3.1;
						DevelopmentTeam = XQ2HT2BLGA;
						LastSwiftMigration = 0900;
					};
					607FACE41AFB9204008FA782 = {
						CreatedOnToolsVersion = 6.3.1;
						DevelopmentTeam = XQ2HT2BLGA;
						LastSwiftMigration = 0900;
						TestTargetID = 607FACCF1AFB9204008FA782;
					};
				};
			};
			buildConfigurationList = 607FACCB1AFB9204008FA782 /* Build configuration list for PBXProject "FlowNest" */;
			compatibilityVersion = "Xcode 3.2";
			developmentRegion = English;
			hasScannedForEncodings = 0;
			knownRegions = (
				English,
				en,
				Base,
			);
			mainGroup = 607FACC71AFB9204008FA782;
			productRefGroup = 607FACD11AFB9204008FA782 /* Products */;
			projectDirPath = "";
			projectRoot = "";
			targets = (
				607FACCF1AFB9204008FA782 /* FlowNest_Example */,
				607FACE41AFB9204008FA782 /* FlowNest_Tests */,
			);
		};
/* End PBXProject section */

/* Begin PBXResourcesBuildPhase section */
		607FACCE1AFB9204008FA782 /* Resources */ = {
			isa = PBXResourcesBuildPhase;
			buildActionMask = 2147483647;
			files = (
				607FACDB1AFB9204008FA782 /* Main.storyboard in Resources */,
				607FACE01AFB9204008FA782 /* LaunchScreen.xib in Resources */,
				607FACDD1AFB9204008FA782 /* Images.xcassets in Resources */,
				048B5A192F77A0B9005D728C /* live_04.JPG in Resources */,
				048B5A1A2F77A0B9005D728C /* live_07.JPG in Resources */,
				048B5A1B2F77A0B9005D728C /* live_06.JPG in Resources */,
				048B5A1C2F77A0B9005D728C /* live_03.JPG in Resources */,
				048B5A1D2F77A0B9005D728C /* live_05.JPG in Resources */,
				048B5A1E2F77A0B9005D728C /* live_01.JPG in Resources */,
				048B5A1F2F77A0B9005D728C /* live_09.JPG in Resources */,
				048B5A202F77A0B9005D728C /* live_02.JPG in Resources */,
				048B5A212F77A0B9005D728C /* live_08.JPG in Resources */,
				048B5A222F77A0B9005D728C /* live_10.JPG in Resources */,
			);
			runOnlyForDeploymentPostprocessing = 0;
		};
		607FACE31AFB9204008FA782 /* Resources */ = {
			isa = PBXResourcesBuildPhase;
			buildActionMask = 2147483647;
			files = (
			);
			runOnlyForDeploymentPostprocessing = 0;
		};
/* End PBXResourcesBuildPhase section */

/* Begin PBXShellScriptBuildPhase section */
		5FEA2D3A6D056581902A95FB /* [CP] Check Pods Manifest.lock */ = {
			isa = PBXShellScriptBuildPhase;
			buildActionMask = 2147483647;
			files = (
			);
			inputFileListPaths = (
			);
			inputPaths = (
				"${PODS_PODFILE_DIR_PATH}/Podfile.lock",
				"${PODS_ROOT}/Manifest.lock",
			);
			name = "[CP] Check Pods Manifest.lock";
			outputFileListPaths = (
			);
			outputPaths = (
				"$(DERIVED_FILE_DIR)/Pods-FlowNest_Tests-checkManifestLockResult.txt",
			);
			runOnlyForDeploymentPostprocessing = 0;
			shellPath = /bin/sh;
			shellScript = "diff \"${PODS_PODFILE_DIR_PATH}/Podfile.lock\" \"${PODS_ROOT}/Manifest.lock\" > /dev/null\nif [ $? != 0 ] ; then\n    # print error to STDERR\n    echo \"error: The sandbox is not in sync with the Podfile.lock. Run 'pod install' or update your CocoaPods installation.\" >&2\n    exit 1\nfi\n# This output is used by Xcode 'outputs' to avoid re-running this script phase.\necho \"SUCCESS\" > \"${SCRIPT_OUTPUT_FILE_0}\"\n";
			showEnvVarsInLog = 0;
		};
		90415B9613D231B6FE7DEF7A /* [CP] Embed Pods Frameworks */ = {
			isa = PBXShellScriptBuildPhase;
			buildActionMask = 2147483647;
			files = (
			);
			inputPaths = (
				"${PODS_ROOT}/Target Support Files/Pods-FlowNest_Example/Pods-FlowNest_Example-frameworks.sh",
				"${BUILT_PRODUCTS_DIR}/FlowNest/FlowNest.framework",
				"${BUILT_PRODUCTS_DIR}/MJRefresh/MJRefresh.framework",
				"${BUILT_PRODUCTS_DIR}/SnapKit/SnapKit.framework",
			);
			name = "[CP] Embed Pods Frameworks";
			outputPaths = (
				"${TARGET_BUILD_DIR}/${FRAMEWORKS_FOLDER_PATH}/FlowNest.framework",
				"${TARGET_BUILD_DIR}/${FRAMEWORKS_FOLDER_PATH}/MJRefresh.framework",
				"${TARGET_BUILD_DIR}/${FRAMEWORKS_FOLDER_PATH}/SnapKit.framework",
			);
			runOnlyForDeploymentPostprocessing = 0;
			shellPath = /bin/sh;
			shellScript = "\"${PODS_ROOT}/Target Support Files/Pods-FlowNest_Example/Pods-FlowNest_Example-frameworks.sh\"\n";
			showEnvVarsInLog = 0;
		};
		F2A920D3625CC4CBD6EA6704 /* [CP] Check Pods Manifest.lock */ = {
			isa = PBXShellScriptBuildPhase;
			buildActionMask = 2147483647;
			files = (
			);
			inputFileListPaths = (
			);
			inputPaths = (
				"${PODS_PODFILE_DIR_PATH}/Podfile.lock",
				"${PODS_ROOT}/Manifest.lock",
			);
			name = "[CP] Check Pods Manifest.lock";
			outputFileListPaths = (
			);
			outputPaths = (
				"$(DERIVED_FILE_DIR)/Pods-FlowNest_Example-checkManifestLockResult.txt",
			);
			runOnlyForDeploymentPostprocessing = 0;
			shellPath = /bin/sh;
			shellScript = "diff \"${PODS_PODFILE_DIR_PATH}/Podfile.lock\" \"${PODS_ROOT}/Manifest.lock\" > /dev/null\nif [ $? != 0 ] ; then\n    # print error to STDERR\n    echo \"error: The sandbox is not in sync with the Podfile.lock. Run 'pod install' or update your CocoaPods installation.\" >&2\n    exit 1\nfi\n# This output is used by Xcode 'outputs' to avoid re-running this script phase.\necho \"SUCCESS\" > \"${SCRIPT_OUTPUT_FILE_0}\"\n";
			showEnvVarsInLog = 0;
		};
/* End PBXShellScriptBuildPhase section */

/* Begin PBXSourcesBuildPhase section */
		607FACCC1AFB9204008FA782 /* Sources */ = {
			isa = PBXSourcesBuildPhase;
			buildActionMask = 2147483647;
			files = (
				048B59FF2F777829005D728C /* DemoRecommendCell.swift in Sources */,
				048B5A092F778350005D728C /* DemoLiveCell.swift in Sources */,
				048B5A0B2F778365005D728C /* DemoLiveItem.swift in Sources */,
				048B5A2E2F77A3F0005D728C /* DemoNearByHeaderView.swift in Sources */,
				048B5A072F778314005D728C /* DemoLiveViewController.swift in Sources */,
				048B5A0D2F778582005D728C /* DemoLivingView.swift in Sources */,
				048B5A302F77A404005D728C /* DemoNearByCell.swift in Sources */,
				048B5A242F77A35C005D728C /* DemoNearbyViewController.swift in Sources */,
				048B585F2F768424005D728C /* DemoCustomSegmentView.swift in Sources */,
				048B5A342F77A429005D728C /* DemoNearByItem.swift in Sources */,
				048B5A052F777A4A005D728C /* Color+ext.swift in Sources */,
				048B5A012F7778A7005D728C /* DemoRecommendItem.swift in Sources */,
				607FACD81AFB9204008FA782 /* ViewController.swift in Sources */,
				048B59FD2F777734005D728C /* DemoRecommendViewController.swift in Sources */,
				048B58722F776E68005D728C /* DemoHeaderView.swift in Sources */,
				607FACD61AFB9204008FA782 /* AppDelegate.swift in Sources */,
				048B5A032F777A16005D728C /* DemoPriceView.swift in Sources */,
				048B586A2F7686C7005D728C /* DemoNavigationBarView.swift in Sources */,
			);
			runOnlyForDeploymentPostprocessing = 0;
		};
		607FACE11AFB9204008FA782 /* Sources */ = {
			isa = PBXSourcesBuildPhase;
			buildActionMask = 2147483647;
			files = (
				607FACEC1AFB9204008FA782 /* Tests.swift in Sources */,
			);
			runOnlyForDeploymentPostprocessing = 0;
		};
/* End PBXSourcesBuildPhase section */

/* Begin PBXTargetDependency section */
		607FACE71AFB9204008FA782 /* PBXTargetDependency */ = {
			isa = PBXTargetDependency;
			target = 607FACCF1AFB9204008FA782 /* FlowNest_Example */;
			targetProxy = 607FACE61AFB9204008FA782 /* PBXContainerItemProxy */;
		};
/* End PBXTargetDependency section */

/* Begin PBXVariantGroup section */
		607FACD91AFB9204008FA782 /* Main.storyboard */ = {
			isa = PBXVariantGroup;
			children = (
				607FACDA1AFB9204008FA782 /* Base */,
			);
			name = Main.storyboard;
			sourceTree = "<group>";
		};
		607FACDE1AFB9204008FA782 /* LaunchScreen.xib */ = {
			isa = PBXVariantGroup;
			children = (
				607FACDF1AFB9204008FA782 /* Base */,
			);
			name = LaunchScreen.xib;
			sourceTree = "<group>";
		};
/* End PBXVariantGroup section */

/* Begin XCBuildConfiguration section */
		607FACED1AFB9204008FA782 /* Debug */ = {
			isa = XCBuildConfiguration;
			buildSettings = {
				ALWAYS_SEARCH_USER_PATHS = NO;
				CLANG_CXX_LANGUAGE_STANDARD = "gnu++0x";
				CLANG_CXX_LIBRARY = "libc++";
				CLANG_ENABLE_MODULES = YES;
				CLANG_ENABLE_OBJC_ARC = YES;
				CLANG_WARN_BLOCK_CAPTURE_AUTORELEASING = YES;
				CLANG_WARN_BOOL_CONVERSION = YES;
				CLANG_WARN_COMMA = YES;
				CLANG_WARN_CONSTANT_CONVERSION = YES;
				CLANG_WARN_DIRECT_OBJC_ISA_USAGE = YES_ERROR;
				CLANG_WARN_EMPTY_BODY = YES;
				CLANG_WARN_ENUM_CONVERSION = YES;
				CLANG_WARN_INFINITE_RECURSION = YES;
				CLANG_WARN_INT_CONVERSION = YES;
				CLANG_WARN_NON_LITERAL_NULL_CONVERSION = YES;
				CLANG_WARN_OBJC_LITERAL_CONVERSION = YES;
				CLANG_WARN_OBJC_ROOT_CLASS = YES_ERROR;
				CLANG_WARN_RANGE_LOOP_ANALYSIS = YES;
				CLANG_WARN_STRICT_PROTOTYPES = YES;
				CLANG_WARN_SUSPICIOUS_MOVE = YES;
				CLANG_WARN_UNREACHABLE_CODE = YES;
				CLANG_WARN__DUPLICATE_METHOD_MATCH = YES;
				"CODE_SIGN_IDENTITY[sdk=iphoneos*]" = "iPhone Developer";
				COPY_PHASE_STRIP = NO;
				DEBUG_INFORMATION_FORMAT = "dwarf-with-dsym";
				ENABLE_STRICT_OBJC_MSGSEND = YES;
				ENABLE_TESTABILITY = YES;
				GCC_C_LANGUAGE_STANDARD = gnu99;
				GCC_DYNAMIC_NO_PIC = NO;
				GCC_NO_COMMON_BLOCKS = YES;
				GCC_OPTIMIZATION_LEVEL = 0;
				GCC_PREPROCESSOR_DEFINITIONS = (
					"DEBUG=1",
					"$(inherited)",
				);
				GCC_SYMBOLS_PRIVATE_EXTERN = NO;
				GCC_WARN_64_TO_32_BIT_CONVERSION = YES;
				GCC_WARN_ABOUT_RETURN_TYPE = YES_ERROR;
				GCC_WARN_UNDECLARED_SELECTOR = YES;
				GCC_WARN_UNINITIALIZED_AUTOS = YES_AGGRESSIVE;
				GCC_WARN_UNUSED_FUNCTION = YES;
				GCC_WARN_UNUSED_VARIABLE = YES;
				IPHONEOS_DEPLOYMENT_TARGET = 9.3;
				MTL_ENABLE_DEBUG_INFO = YES;
				ONLY_ACTIVE_ARCH = YES;
				SDKROOT = iphoneos;
				SWIFT_OPTIMIZATION_LEVEL = "-Onone";
			};
			name = Debug;
		};
		607FACEE1AFB9204008FA782 /* Release */ = {
			isa = XCBuildConfiguration;
			buildSettings = {
				ALWAYS_SEARCH_USER_PATHS = NO;
				CLANG_CXX_LANGUAGE_STANDARD = "gnu++0x";
				CLANG_CXX_LIBRARY = "libc++";
				CLANG_ENABLE_MODULES = YES;
				CLANG_ENABLE_OBJC_ARC = YES;
				CLANG_WARN_BLOCK_CAPTURE_AUTORELEASING = YES;
				CLANG_WARN_BOOL_CONVERSION = YES;
				CLANG_WARN_COMMA = YES;
				CLANG_WARN_CONSTANT_CONVERSION = YES;
				CLANG_WARN_DIRECT_OBJC_ISA_USAGE = YES_ERROR;
				CLANG_WARN_EMPTY_BODY = YES;
				CLANG_WARN_ENUM_CONVERSION = YES;
				CLANG_WARN_INFINITE_RECURSION = YES;
				CLANG_WARN_INT_CONVERSION = YES;
				CLANG_WARN_NON_LITERAL_NULL_CONVERSION = YES;
				CLANG_WARN_OBJC_LITERAL_CONVERSION = YES;
				CLANG_WARN_OBJC_ROOT_CLASS = YES_ERROR;
				CLANG_WARN_RANGE_LOOP_ANALYSIS = YES;
				CLANG_WARN_STRICT_PROTOTYPES = YES;
				CLANG_WARN_SUSPICIOUS_MOVE = YES;
				CLANG_WARN_UNREACHABLE_CODE = YES;
				CLANG_WARN__DUPLICATE_METHOD_MATCH = YES;
				"CODE_SIGN_IDENTITY[sdk=iphoneos*]" = "iPhone Developer";
				COPY_PHASE_STRIP = NO;
				DEBUG_INFORMATION_FORMAT = "dwarf-with-dsym";
				ENABLE_NS_ASSERTIONS = NO;
				ENABLE_STRICT_OBJC_MSGSEND = YES;
				GCC_C_LANGUAGE_STANDARD = gnu99;
				GCC_NO_COMMON_BLOCKS = YES;
				GCC_WARN_64_TO_32_BIT_CONVERSION = YES;
				GCC_WARN_ABOUT_RETURN_TYPE = YES_ERROR;
				GCC_WARN_UNDECLARED_SELECTOR = YES;
				GCC_WARN_UNINITIALIZED_AUTOS = YES_AGGRESSIVE;
				GCC_WARN_UNUSED_FUNCTION = YES;
				GCC_WARN_UNUSED_VARIABLE = YES;
				IPHONEOS_DEPLOYMENT_TARGET = 9.3;
				MTL_ENABLE_DEBUG_INFO = NO;
				SDKROOT = iphoneos;
				SWIFT_OPTIMIZATION_LEVEL = "-Owholemodule";
				VALIDATE_PRODUCT = YES;
			};
			name = Release;
		};
		607FACF01AFB9204008FA782 /* Debug */ = {
			isa = XCBuildConfiguration;
			baseConfigurationReference = 11B87205F1C9E66DA48B28ED /* Pods-FlowNest_Example.debug.xcconfig */;
			buildSettings = {
				ASSETCATALOG_COMPILER_APPICON_NAME = AppIcon;
				DEVELOPMENT_TEAM = XQ2HT2BLGA;
				INFOPLIST_FILE = FlowNest/Info.plist;
				IPHONEOS_DEPLOYMENT_TARGET = 15.6;
				LD_RUNPATH_SEARCH_PATHS = "$(inherited) @executable_path/Frameworks";
				MODULE_NAME = ExampleApp;
				PRODUCT_BUNDLE_IDENTIFIER = "org.cocoapods.demo.$(PRODUCT_NAME:rfc1034identifier)";
				PRODUCT_NAME = "$(TARGET_NAME)";
				SWIFT_SWIFT3_OBJC_INFERENCE = Default;
				SWIFT_VERSION = 4.0;
			};
			name = Debug;
		};
		607FACF11AFB9204008FA782 /* Release */ = {
			isa = XCBuildConfiguration;
			baseConfigurationReference = 6039B397A27D80D9CAA4B490 /* Pods-FlowNest_Example.release.xcconfig */;
			buildSettings = {
				ASSETCATALOG_COMPILER_APPICON_NAME = AppIcon;
				DEVELOPMENT_TEAM = XQ2HT2BLGA;
				INFOPLIST_FILE = FlowNest/Info.plist;
				IPHONEOS_DEPLOYMENT_TARGET = 15.6;
				LD_RUNPATH_SEARCH_PATHS = "$(inherited) @executable_path/Frameworks";
				MODULE_NAME = ExampleApp;
				PRODUCT_BUNDLE_IDENTIFIER = "org.cocoapods.demo.$(PRODUCT_NAME:rfc1034identifier)";
				PRODUCT_NAME = "$(TARGET_NAME)";
				SWIFT_SWIFT3_OBJC_INFERENCE = Default;
				SWIFT_VERSION = 4.0;
			};
			name = Release;
		};
		607FACF31AFB9204008FA782 /* Debug */ = {
			isa = XCBuildConfiguration;
			baseConfigurationReference = 55505024221EF686AC3282F8 /* Pods-FlowNest_Tests.debug.xcconfig */;
			buildSettings = {
				DEVELOPMENT_TEAM = XQ2HT2BLGA;
				FRAMEWORK_SEARCH_PATHS = (
					"$(PLATFORM_DIR)/Developer/Library/Frameworks",
					"$(inherited)",
				);
				GCC_PREPROCESSOR_DEFINITIONS = (
					"DEBUG=1",
					"$(inherited)",
				);
				INFOPLIST_FILE = Tests/Info.plist;
				IPHONEOS_DEPLOYMENT_TARGET = 15.6;
				LD_RUNPATH_SEARCH_PATHS = "$(inherited) @executable_path/Frameworks @loader_path/Frameworks";
				PRODUCT_BUNDLE_IDENTIFIER = "org.cocoapods.$(PRODUCT_NAME:rfc1034identifier)";
				PRODUCT_NAME = "$(TARGET_NAME)";
				SWIFT_SWIFT3_OBJC_INFERENCE = Default;
				SWIFT_VERSION = 4.0;
				TEST_HOST = "$(BUILT_PRODUCTS_DIR)/FlowNest_Example.app/FlowNest_Example";
			};
			name = Debug;
		};
		607FACF41AFB9204008FA782 /* Release */ = {
			isa = XCBuildConfiguration;
			baseConfigurationReference = E615DE4FE766AA395F7D21FC /* Pods-FlowNest_Tests.release.xcconfig */;
			buildSettings = {
				DEVELOPMENT_TEAM = XQ2HT2BLGA;
				FRAMEWORK_SEARCH_PATHS = (
					"$(PLATFORM_DIR)/Developer/Library/Frameworks",
					"$(inherited)",
				);
				INFOPLIST_FILE = Tests/Info.plist;
				IPHONEOS_DEPLOYMENT_TARGET = 15.6;
				LD_RUNPATH_SEARCH_PATHS = "$(inherited) @executable_path/Frameworks @loader_path/Frameworks";
				PRODUCT_BUNDLE_IDENTIFIER = "org.cocoapods.$(PRODUCT_NAME:rfc1034identifier)";
				PRODUCT_NAME = "$(TARGET_NAME)";
				SWIFT_SWIFT3_OBJC_INFERENCE = Default;
				SWIFT_VERSION = 4.0;
				TEST_HOST = "$(BUILT_PRODUCTS_DIR)/FlowNest_Example.app/FlowNest_Example";
			};
			name = Release;
		};
/* End XCBuildConfiguration section */

/* Begin XCConfigurationList section */
		607FACCB1AFB9204008FA782 /* Build configuration list for PBXProject "FlowNest" */ = {
			isa = XCConfigurationList;
			buildConfigurations = (
				607FACED1AFB9204008FA782 /* Debug */,
				607FACEE1AFB9204008FA782 /* Release */,
			);
			defaultConfigurationIsVisible = 0;
			defaultConfigurationName = Release;
		};
		607FACEF1AFB9204008FA782 /* Build configuration list for PBXNativeTarget "FlowNest_Example" */ = {
			isa = XCConfigurationList;
			buildConfigurations = (
				607FACF01AFB9204008FA782 /* Debug */,
				607FACF11AFB9204008FA782 /* Release */,
			);
			defaultConfigurationIsVisible = 0;
			defaultConfigurationName = Release;
		};
		607FACF21AFB9204008FA782 /* Build configuration list for PBXNativeTarget "FlowNest_Tests" */ = {
			isa = XCConfigurationList;
			buildConfigurations = (
				607FACF31AFB9204008FA782 /* Debug */,
				607FACF41AFB9204008FA782 /* Release */,
			);
			defaultConfigurationIsVisible = 0;
			defaultConfigurationName = Release;
		};
/* End XCConfigurationList section */
	};
	rootObject = 607FACC81AFB9204008FA782 /* Project object */;
}
